// !$*UTF8*$!
{
	archiveVersion = 1;
	classes = {
	};
	objectVersion = 77;
	objects = {

/* Begin PBXBuildFile section */
		E733E2272D335F7600196DB3 /* WatchWorkoutSyncWatch Watch App.app in Embed Watch Content */ = {isa = PBXBuildFile; fileRef = E733E2042D335F7500196DB3 /* WatchWorkoutSyncWatch Watch App.app */; settings = {ATTRIBUTES = (RemoveHeadersOnCopy, ); }; };
/* End PBXBuildFile section */

/* Begin PBXContainerItemProxy section */
		E733E17C2D33273C00196DB3 /* PBXContainerItemProxy */ = {
			isa = PBXContainerItemProxy;
			containerPortal = E733E1622D33273B00196DB3 /* Project object */;
			proxyType = 1;
			remoteGlobalIDString = E733E1692D33273B00196DB3;
			remoteInfo = WatchWorkoutSync;
		};
		E733E1862D33273C00196DB3 /* PBXContainerItemProxy */ = {
			isa = PBXContainerItemProxy;
			containerPortal = E733E1622D33273B00196DB3 /* Project object */;
			proxyType = 1;
			remoteGlobalIDString = E733E1692D33273B00196DB3;
			remoteInfo = WatchWorkoutSync;
		};
		E733E2142D335F7600196DB3 /* PBXContainerItemProxy */ = {
			isa = PBXContainerItemProxy;
			containerPortal = E733E1622D33273B00196DB3 /* Project object */;
			proxyType = 1;
			remoteGlobalIDString = E733E2032D335F7500196DB3;
			remoteInfo = "WatchWorkoutSyncWatch Watch App";
		};
		E733E21E2D335F7600196DB3 /* PBXContainerItemProxy */ = {
			isa = PBXContainerItemProxy;
			containerPortal = E733E1622D33273B00196DB3 /* Project object */;
			proxyType = 1;
			remoteGlobalIDString = E733E2032D335F7500196DB3;
			remoteInfo = "WatchWorkoutSyncWatch Watch App";
		};
		E733E2252D335F7600196DB3 /* PBXContainerItemProxy */ = {
			isa = PBXContainerItemProxy;
			containerPortal = E733E1622D33273B00196DB3 /* Project object */;
			proxyType = 1;
			remoteGlobalIDString = E733E2032D335F7500196DB3;
			remoteInfo = "WatchWorkoutSyncWatch Watch App";
		};
/* End PBXContainerItemProxy section */

/* Begin PBXCopyFilesBuildPhase section */
		E733E22B2D335F7600196DB3 /* Embed Watch Content */ = {
			isa = PBXCopyFilesBuildPhase;
			buildActionMask = 2147483647;
			dstPath = "$(CONTENTS_FOLDER_PATH)/Watch";
			dstSubfolderSpec = 16;
			files = (
				E733E2272D335F7600196DB3 /* WatchWorkoutSyncWatch Watch App.app in Embed Watch Content */,
			);
			name = "Embed Watch Content";
			runOnlyForDeploymentPostprocessing = 0;
		};
/* End PBXCopyFilesBuildPhase section */

/* Begin PBXFileReference section */
		E733E16A2D33273B00196DB3 /* WatchWorkoutSync.app */ = {isa = PBXFileReference; explicitFileType = wrapper.application; includeInIndex = 0; path = WatchWorkoutSync.app; sourceTree = BUILT_PRODUCTS_DIR; };
		E733E17B2D33273C00196DB3 /* WatchWorkoutSyncTests.xctest */ = {isa = PBXFileReference; explicitFileType = wrapper.cfbundle; includeInIndex = 0; path = WatchWorkoutSyncTests.xctest; sourceTree = BUILT_PRODUCTS_DIR; };
		E733E1852D33273C00196DB3 /* WatchWorkoutSyncUITests.xctest */ = {isa = PBXFileReference; explicitFileType = wrapper.cfbundle; includeInIndex = 0; path = WatchWorkoutSyncUITests.xctest; sourceTree = BUILT_PRODUCTS_DIR; };
		E733E2042D335F7500196DB3 /* WatchWorkoutSyncWatch Watch App.app */ = {isa = PBXFileReference; explicitFileType = wrapper.application; includeInIndex = 0; path = "WatchWorkoutSyncWatch Watch App.app"; sourceTree = BUILT_PRODUCTS_DIR; };
		E733E2132D335F7600196DB3 /* WatchWorkoutSyncWatch Watch AppTests.xctest */ = {isa = PBXFileReference; explicitFileType = wrapper.cfbundle; includeInIndex = 0; path = "WatchWorkoutSyncWatch Watch AppTests.xctest"; sourceTree = BUILT_PRODUCTS_DIR; };
		E733E21D2D335F7600196DB3 /* WatchWorkoutSyncWatch Watch AppUITests.xctest */ = {isa = PBXFileReference; explicitFileType = wrapper.cfbundle; includeInIndex = 0; path = "WatchWorkoutSyncWatch Watch AppUITests.xctest"; sourceTree = BUILT_PRODUCTS_DIR; };
/* End PBXFileReference section */

/* Begin PBXFileSystemSynchronizedBuildFileExceptionSet section */
		E733E1D22D33295D00196DB3 /* Exceptions for "WatchWorkoutSync" folder in "WatchWorkoutSync" target */ = {
			isa = PBXFileSystemSynchronizedBuildFileExceptionSet;
			membershipExceptions = (
				Info.plist,
				Model/SceneDelegate.swift,
				Model/WorkoutManager.swift,
			);
			target = E733E1692D33273B00196DB3 /* WatchWorkoutSync */;
		};
		E733E23F2D33632400196DB3 /* Exceptions for "WatchWorkoutSyncWatch Watch AppUITests" folder in "WatchWorkoutSyncWatch Watch AppUITests" target */ = {
			isa = PBXFileSystemSynchronizedBuildFileExceptionSet;
			membershipExceptions = (
				"WatchWorkoutSyncWatch-Watch-AppUITests-Info.plist",
			);
			target = E733E21C2D335F7600196DB3 /* WatchWorkoutSyncWatch Watch AppUITests */;
		};
		E733E2422D33644900196DB3 /* Exceptions for "WatchWorkoutSyncWatch Watch App" folder in "WatchWorkoutSyncWatch Watch App" target */ = {
			isa = PBXFileSystemSynchronizedBuildFileExceptionSet;
			membershipExceptions = (
				"WatchWorkoutSyncWatch-Watch-App-Info.plist",
			);
			target = E733E2032D335F7500196DB3 /* WatchWorkoutSyncWatch Watch App */;
		};
/* End PBXFileSystemSynchronizedBuildFileExceptionSet section */

/* Begin PBXFileSystemSynchronizedGroupBuildPhaseMembershipExceptionSet section */
		E733E1D32D332A5B00196DB3 /* Exceptions for "WatchWorkoutSync" folder in "Copy Bundle Resources" phase from "WatchWorkoutSync" target */ = {
			isa = PBXFileSystemSynchronizedGroupBuildPhaseMembershipExceptionSet;
			buildPhase = E733E1682D33273B00196DB3 /* Resources */;
			membershipExceptions = (
				Model/SceneDelegate.swift,
				Model/WorkoutManager.swift,
			);
		};
/* End PBXFileSystemSynchronizedGroupBuildPhaseMembershipExceptionSet section */

/* Begin PBXFileSystemSynchronizedRootGroup section */
		E733E16C2D33273B00196DB3 /* WatchWorkoutSync */ = {
			isa = PBXFileSystemSynchronizedRootGroup;
			exceptions = (
				E733E1D22D33295D00196DB3 /* Exceptions for "WatchWorkoutSync" folder in "WatchWorkoutSync" target */,
				E733E1D32D332A5B00196DB3 /* Exceptions for "WatchWorkoutSync" folder in "Copy Bundle Resources" phase from "WatchWorkoutSync" target */,
			);
			path = WatchWorkoutSync;
			sourceTree = "<group>";
		};
		E733E17E2D33273C00196DB3 /* WatchWorkoutSyncTests */ = {
			isa = PBXFileSystemSynchronizedRootGroup;
			path = WatchWorkoutSyncTests;
			sourceTree = "<group>";
		};
		E733E1882D33273C00196DB3 /* WatchWorkoutSyncUITests */ = {
			isa = PBXFileSystemSynchronizedRootGroup;
			path = WatchWorkoutSyncUITests;
			sourceTree = "<group>";
		};
		E733E2052D335F7500196DB3 /* WatchWorkoutSyncWatch Watch App */ = {
			isa = PBXFileSystemSynchronizedRootGroup;
			exceptions = (
				E733E2422D33644900196DB3 /* Exceptions for "WatchWorkoutSyncWatch Watch App" folder in "WatchWorkoutSyncWatch Watch App" target */,
			);
			path = "WatchWorkoutSyncWatch Watch App";
			sourceTree = "<group>";
		};
		E733E2162D335F7600196DB3 /* WatchWorkoutSyncWatch Watch AppTests */ = {
			isa = PBXFileSystemSynchronizedRootGroup;
			path = "WatchWorkoutSyncWatch Watch AppTests";
			sourceTree = "<group>";
		};
		E733E2202D335F7600196DB3 /* WatchWorkoutSyncWatch Watch AppUITests */ = {
			isa = PBXFileSystemSynchronizedRootGroup;
			exceptions = (
				E733E23F2D33632400196DB3 /* Exceptions for "WatchWorkoutSyncWatch Watch AppUITests" folder in "WatchWorkoutSyncWatch Watch AppUITests" target */,
			);
			path = "WatchWorkoutSyncWatch Watch AppUITests";
			sourceTree = "<group>";
		};
/* End PBXFileSystemSynchronizedRootGroup section */

/* Begin PBXFrameworksBuildPhase section */
		E733E1672D33273B00196DB3 /* Frameworks */ = {
			isa = PBXFrameworksBuildPhase;
			buildActionMask = 2147483647;
			files = (
			);
			runOnlyForDeploymentPostprocessing = 0;
		};
		E733E1782D33273C00196DB3 /* Frameworks */ = {
			isa = PBXFrameworksBuildPhase;
			buildActionMask = 2147483647;
			files = (
			);
			runOnlyForDeploymentPostprocessing = 0;
		};
		E733E1822D33273C00196DB3 /* Frameworks */ = {
			isa = PBXFrameworksBuildPhase;
			buildActionMask = 2147483647;
			files = (
			);
			runOnlyForDeploymentPostprocessing = 0;
		};
		E733E2012D335F7500196DB3 /* Frameworks */ = {
			isa = PBXFrameworksBuildPhase;
			buildActionMask = 2147483647;
			files = (
			);
			runOnlyForDeploymentPostprocessing = 0;
		};
		E733E2102D335F7600196DB3 /* Frameworks */ = {
			isa = PBXFrameworksBuildPhase;
			buildActionMask = 2147483647;
			files = (
			);
			runOnlyForDeploymentPostprocessing = 0;
		};
		E733E21A2D335F7600196DB3 /* Frameworks */ = {
			isa = PBXFrameworksBuildPhase;
			buildActionMask = 2147483647;
			files = (
			);
			runOnlyForDeploymentPostprocessing = 0;
		};
/* End PBXFrameworksBuildPhase section */

/* Begin PBXGroup section */
		E733E1612D33273B00196DB3 = {
			isa = PBXGroup;
			children = (
				E733E16C2D33273B00196DB3 /* WatchWorkoutSync */,
				E733E17E2D33273C00196DB3 /* WatchWorkoutSyncTests */,
				E733E1882D33273C00196DB3 /* WatchWorkoutSyncUITests */,
				E733E2052D335F7500196DB3 /* WatchWorkoutSyncWatch Watch App */,
				E733E2162D335F7600196DB3 /* WatchWorkoutSyncWatch Watch AppTests */,
				E733E2202D335F7600196DB3 /* WatchWorkoutSyncWatch Watch AppUITests */,
				E733E16B2D33273B00196DB3 /* Products */,
			);
			sourceTree = "<group>";
		};
		E733E16B2D33273B00196DB3 /* Products */ = {
			isa = PBXGroup;
			children = (
				E733E16A2D33273B00196DB3 /* WatchWorkoutSync.app */,
				E733E17B2D33273C00196DB3 /* WatchWorkoutSyncTests.xctest */,
				E733E1852D33273C00196DB3 /* WatchWorkoutSyncUITests.xctest */,
				E733E2042D335F7500196DB3 /* WatchWorkoutSyncWatch Watch App.app */,
				E733E2132D335F7600196DB3 /* WatchWorkoutSyncWatch Watch AppTests.xctest */,
				E733E21D2D335F7600196DB3 /* WatchWorkoutSyncWatch Watch AppUITests.xctest */,
			);
			name = Products;
			sourceTree = "<group>";
		};
/* End PBXGroup section */

/* Begin PBXNativeTarget section */
		E733E1692D33273B00196DB3 /* WatchWorkoutSync */ = {
			isa = PBXNativeTarget;
			buildConfigurationList = E733E18F2D33273C00196DB3 /* Build configuration list for PBXNativeTarget "WatchWorkoutSync" */;
			buildPhases = (
				E733E1662D33273B00196DB3 /* Sources */,
				E733E1672D33273B00196DB3 /* Frameworks */,
				E733E1682D33273B00196DB3 /* Resources */,
				E733E22B2D335F7600196DB3 /* Embed Watch Content */,
			);
			buildRules = (
			);
			dependencies = (
				E733E2262D335F7600196DB3 /* PBXTargetDependency */,
			);
			fileSystemSynchronizedGroups = (
				E733E16C2D33273B00196DB3 /* WatchWorkoutSync */,
			);
			name = WatchWorkoutSync;
			packageProductDependencies = (
			);
			productName = WatchWorkoutSync;
			productReference = E733E16A2D33273B00196DB3 /* WatchWorkoutSync.app */;
			productType = "com.apple.product-type.application";
		};
		E733E17A2D33273C00196DB3 /* WatchWorkoutSyncTests */ = {
			isa = PBXNativeTarget;
			buildConfigurationList = E733E1922D33273C00196DB3 /* Build configuration list for PBXNativeTarget "WatchWorkoutSyncTests" */;
			buildPhases = (
				E733E1772D33273C00196DB3 /* Sources */,
				E733E1782D33273C00196DB3 /* Frameworks */,
				E733E1792D33273C00196DB3 /* Resources */,
			);
			buildRules = (
			);
			dependencies = (
				E733E17D2D33273C00196DB3 /* PBXTargetDependency */,
			);
			fileSystemSynchronizedGroups = (
				E733E17E2D33273C00196DB3 /* WatchWorkoutSyncTests */,
			);
			name = WatchWorkoutSyncTests;
			packageProductDependencies = (
			);
			productName = WatchWorkoutSyncTests;
			productReference = E733E17B2D33273C00196DB3 /* WatchWorkoutSyncTests.xctest */;
			productType = "com.apple.product-type.bundle.unit-test";
		};
		E733E1842D33273C00196DB3 /* WatchWorkoutSyncUITests */ = {
			isa = PBXNativeTarget;
			buildConfigurationList = E733E1952D33273C00196DB3 /* Build configuration list for PBXNativeTarget "WatchWorkoutSyncUITests" */;
			buildPhases = (
				E733E1812D33273C00196DB3 /* Sources */,
				E733E1822D33273C00196DB3 /* Frameworks */,
				E733E1832D33273C00196DB3 /* Resources */,
			);
			buildRules = (
			);
			dependencies = (
				E733E1872D33273C00196DB3 /* PBXTargetDependency */,
			);
			fileSystemSynchronizedGroups = (
				E733E1882D33273C00196DB3 /* WatchWorkoutSyncUITests */,
			);
			name = WatchWorkoutSyncUITests;
			packageProductDependencies = (
			);
			productName = WatchWorkoutSyncUITests;
			productReference = E733E1852D33273C00196DB3 /* WatchWorkoutSyncUITests.xctest */;
			productType = "com.apple.product-type.bundle.ui-testing";
		};
		E733E2032D335F7500196DB3 /* WatchWorkoutSyncWatch Watch App */ = {
			isa = PBXNativeTarget;
			buildConfigurationList = E733E2282D335F7600196DB3 /* Build configuration list for PBXNativeTarget "WatchWorkoutSyncWatch Watch App" */;
			buildPhases = (
				E733E2002D335F7500196DB3 /* Sources */,
				E733E2012D335F7500196DB3 /* Frameworks */,
				E733E2022D335F7500196DB3 /* Resources */,
			);
			buildRules = (
			);
			dependencies = (
			);
			fileSystemSynchronizedGroups = (
				E733E2052D335F7500196DB3 /* WatchWorkoutSyncWatch Watch App */,
			);
			name = "WatchWorkoutSyncWatch Watch App";
			packageProductDependencies = (
			);
			productName = "WatchWorkoutSyncWatch Watch App";
			productReference = E733E2042D335F7500196DB3 /* WatchWorkoutSyncWatch Watch App.app */;
			productType = "com.apple.product-type.application";
		};
		E733E2122D335F7600196DB3 /* WatchWorkoutSyncWatch Watch AppTests */ = {
			isa = PBXNativeTarget;
			buildConfigurationList = E733E22C2D335F7700196DB3 /* Build configuration list for PBXNativeTarget "WatchWorkoutSyncWatch Watch AppTests" */;
			buildPhases = (
				E733E20F2D335F7600196DB3 /* Sources */,
				E733E2102D335F7600196DB3 /* Frameworks */,
				E733E2112D335F7600196DB3 /* Resources */,
			);
			buildRules = (
			);
			dependencies = (
				E733E2152D335F7600196DB3 /* PBXTargetDependency */,
			);
			fileSystemSynchronizedGroups = (
				E733E2162D335F7600196DB3 /* WatchWorkoutSyncWatch Watch AppTests */,
			);
			name = "WatchWorkoutSyncWatch Watch AppTests";
			packageProductDependencies = (
			);
			productName = "WatchWorkoutSyncWatch Watch AppTests";
			productReference = E733E2132D335F7600196DB3 /* WatchWorkoutSyncWatch Watch AppTests.xctest */;
			productType = "com.apple.product-type.bundle.unit-test";
		};
		E733E21C2D335F7600196DB3 /* WatchWorkoutSyncWatch Watch AppUITests */ = {
			isa = PBXNativeTarget;
			buildConfigurationList = E733E22F2D335F7700196DB3 /* Build configuration list for PBXNativeTarget "WatchWorkoutSyncWatch Watch AppUITests" */;
			buildPhases = (
				E733E2192D335F7600196DB3 /* Sources */,
				E733E21A2D335F7600196DB3 /* Frameworks */,
				E733E21B2D335F7600196DB3 /* Resources */,
			);
			buildRules = (
			);
			dependencies = (
				E733E21F2D335F7600196DB3 /* PBXTargetDependency */,
			);
			fileSystemSynchronizedGroups = (
				E733E2202D335F7600196DB3 /* WatchWorkoutSyncWatch Watch AppUITests */,
			);
			name = "WatchWorkoutSyncWatch Watch AppUITests";
			packageProductDependencies = (
			);
			productName = "WatchWorkoutSyncWatch Watch AppUITests";
			productReference = E733E21D2D335F7600196DB3 /* WatchWorkoutSyncWatch Watch AppUITests.xctest */;
			productType = "com.apple.product-type.bundle.ui-testing";
		};
/* End PBXNativeTarget section */

/* Begin PBXProject section */
		E733E1622D33273B00196DB3 /* Project object */ = {
			isa = PBXProject;
			attributes = {
				BuildIndependentTargetsInParallel = 1;
				LastSwiftUpdateCheck = 1600;
				LastUpgradeCheck = 1600;
				TargetAttributes = {
					E733E1692D33273B00196DB3 = {
						CreatedOnToolsVersion = 16.0;
					};
					E733E17A2D33273C00196DB3 = {
						CreatedOnToolsVersion = 16.0;
						TestTargetID = E733E1692D33273B00196DB3;
					};
					E733E1842D33273C00196DB3 = {
						CreatedOnToolsVersion = 16.0;
						TestTargetID = E733E1692D33273B00196DB3;
					};
					E733E2032D335F7500196DB3 = {
						CreatedOnToolsVersion = 16.0;
					};
					E733E2122D335F7600196DB3 = {
						CreatedOnToolsVersion = 16.0;
						TestTargetID = E733E2032D335F7500196DB3;
					};
					E733E21C2D335F7600196DB3 = {
						CreatedOnToolsVersion = 16.0;
						TestTargetID = E733E2032D335F7500196DB3;
					};
				};
			};
			buildConfigurationList = E733E1652D33273B00196DB3 /* Build configuration list for PBXProject "WatchWorkoutSync" */;
			developmentRegion = en;
			hasScannedForEncodings = 0;
			knownRegions = (
				en,
				Base,
			);
			mainGroup = E733E1612D33273B00196DB3;
			minimizedProjectReferenceProxies = 1;
			preferredProjectObjectVersion = 77;
			productRefGroup = E733E16B2D33273B00196DB3 /* Products */;
			projectDirPath = "";
			projectRoot = "";
			targets = (
				E733E1692D33273B00196DB3 /* WatchWorkoutSync */,
				E733E17A2D33273C00196DB3 /* WatchWorkoutSyncTests */,
				E733E1842D33273C00196DB3 /* WatchWorkoutSyncUITests */,
				E733E2032D335F7500196DB3 /* WatchWorkoutSyncWatch Watch App */,
				E733E2122D335F7600196DB3 /* WatchWorkoutSyncWatch Watch AppTests */,
				E733E21C2D335F7600196DB3 /* WatchWorkoutSyncWatch Watch AppUITests */,
			);
		};
/* End PBXProject section */

/* Begin PBXResourcesBuildPhase section */
		E733E1682D33273B00196DB3 /* Resources */ = {
			isa = PBXResourcesBuildPhase;
			buildActionMask = 2147483647;
			files = (
			);
			runOnlyForDeploymentPostprocessing = 0;
		};
		E733E1792D33273C00196DB3 /* Resources */ = {
			isa = PBXResourcesBuildPhase;
			buildActionMask = 2147483647;
			files = (
			);
			runOnlyForDeploymentPostprocessing = 0;
		};
		E733E1832D33273C00196DB3 /* Resources */ = {
			isa = PBXResourcesBuildPhase;
			buildActionMask = 2147483647;
			files = (
			);
			runOnlyForDeploymentPostprocessing = 0;
		};
		E733E2022D335F7500196DB3 /* Resources */ = {
			isa = PBXResourcesBuildPhase;
			buildActionMask = 2147483647;
			files = (
			);
			runOnlyForDeploymentPostprocessing = 0;
		};
		E733E2112D335F7600196DB3 /* Resources */ = {
			isa = PBXResourcesBuildPhase;
			buildActionMask = 2147483647;
			files = (
			);
			runOnlyForDeploymentPostprocessing = 0;
		};
		E733E21B2D335F7600196DB3 /* Resources */ = {
			isa = PBXResourcesBuildPhase;
			buildActionMask = 2147483647;
			files = (
			);
			runOnlyForDeploymentPostprocessing = 0;
		};
/* End PBXResourcesBuildPhase section */

/* Begin PBXSourcesBuildPhase section */
		E733E1662D33273B00196DB3 /* Sources */ = {
			isa = PBXSourcesBuildPhase;
			buildActionMask = 2147483647;
			files = (
			);
			runOnlyForDeploymentPostprocessing = 0;
		};
		E733E1772D33273C00196DB3 /* Sources */ = {
			isa = PBXSourcesBuildPhase;
			buildActionMask = 2147483647;
			files = (
			);
			runOnlyForDeploymentPostprocessing = 0;
		};
		E733E1812D33273C00196DB3 /* Sources */ = {
			isa = PBXSourcesBuildPhase;
			buildActionMask = 2147483647;
			files = (
			);
			runOnlyForDeploymentPostprocessing = 0;
		};
		E733E2002D335F7500196DB3 /* Sources */ = {
			isa = PBXSourcesBuildPhase;
			buildActionMask = 2147483647;
			files = (
			);
			runOnlyForDeploymentPostprocessing = 0;
		};
		E733E20F2D335F7600196DB3 /* Sources */ = {
			isa = PBXSourcesBuildPhase;
			buildActionMask = 2147483647;
			files = (
			);
			runOnlyForDeploymentPostprocessing = 0;
		};
		E733E2192D335F7600196DB3 /* Sources */ = {
			isa = PBXSourcesBuildPhase;
			buildActionMask = 2147483647;
			files = (
			);
			runOnlyForDeploymentPostprocessing = 0;
		};
/* End PBXSourcesBuildPhase section */

/* Begin PBXTargetDependency section */
		E733E17D2D33273C00196DB3 /* PBXTargetDependency */ = {
			isa = PBXTargetDependency;
			target = E733E1692D33273B00196DB3 /* WatchWorkoutSync */;
			targetProxy = E733E17C2D33273C00196DB3 /* PBXContainerItemProxy */;
		};
		E733E1872D33273C00196DB3 /* PBXTargetDependency */ = {
			isa = PBXTargetDependency;
			target = E733E1692D33273B00196DB3 /* WatchWorkoutSync */;
			targetProxy = E733E1862D33273C00196DB3 /* PBXContainerItemProxy */;
		};
		E733E2152D335F7600196DB3 /* PBXTargetDependency */ = {
			isa = PBXTargetDependency;
			target = E733E2032D335F7500196DB3 /* WatchWorkoutSyncWatch Watch App */;
			targetProxy = E733E2142D335F7600196DB3 /* PBXContainerItemProxy */;
		};
		E733E21F2D335F7600196DB3 /* PBXTargetDependency */ = {
			isa = PBXTargetDependency;
			target = E733E2032D335F7500196DB3 /* WatchWorkoutSyncWatch Watch App */;
			targetProxy = E733E21E2D335F7600196DB3 /* PBXContainerItemProxy */;
		};
		E733E2262D335F7600196DB3 /* PBXTargetDependency */ = {
			isa = PBXTargetDependency;
			target = E733E2032D335F7500196DB3 /* WatchWorkoutSyncWatch Watch App */;
			targetProxy = E733E2252D335F7600196DB3 /* PBXContainerItemProxy */;
		};
/* End PBXTargetDependency section */

/* Begin XCBuildConfiguration section */
		E733E18D2D33273C00196DB3 /* Debug */ = {
			isa = XCBuildConfiguration;
			buildSettings = {
				ALWAYS_SEARCH_USER_PATHS = NO;
				ASSETCATALOG_COMPILER_GENERATE_SWIFT_ASSET_SYMBOL_EXTENSIONS = YES;
				CLANG_ANALYZER_NONNULL = YES;
				CLANG_ANALYZER_NUMBER_OBJECT_CONVERSION = YES_AGGRESSIVE;
				CLANG_CXX_LANGUAGE_STANDARD = "gnu++20";
				CLANG_ENABLE_MODULES = YES;
				CLANG_ENABLE_OBJC_ARC = YES;
				CLANG_ENABLE_OBJC_WEAK = YES;
				CLANG_WARN_BLOCK_CAPTURE_AUTORELEASING = YES;
				CLANG_WARN_BOOL_CONVERSION = YES;
				CLANG_WARN_COMMA = YES;
				CLANG_WARN_CONSTANT_CONVERSION = YES;
				CLANG_WARN_DEPRECATED_OBJC_IMPLEMENTATIONS = YES;
				CLANG_WARN_DIRECT_OBJC_ISA_USAGE = YES_ERROR;
				CLANG_WARN_DOCUMENTATION_COMMENTS = YES;
				CLANG_WARN_EMPTY_BODY = YES;
				CLANG_WARN_ENUM_CONVERSION = YES;
				CLANG_WARN_INFINITE_RECURSION = YES;
				CLANG_WARN_INT_CONVERSION = YES;
				CLANG_WARN_NON_LITERAL_NULL_CONVERSION = YES;
				CLANG_WARN_OBJC_IMPLICIT_RETAIN_SELF = YES;
				CLANG_WARN_OBJC_LITERAL_CONVERSION = YES;
				CLANG_WARN_OBJC_ROOT_CLASS = YES_ERROR;
				CLANG_WARN_QUOTED_INCLUDE_IN_FRAMEWORK_HEADER = YES;
				CLANG_WARN_RANGE_LOOP_ANALYSIS = YES;
				CLANG_WARN_STRICT_PROTOTYPES = YES;
				CLANG_WARN_SUSPICIOUS_MOVE = YES;
				CLANG_WARN_UNGUARDED_AVAILABILITY = YES_AGGRESSIVE;
				CLANG_WARN_UNREACHABLE_CODE = YES;
				CLANG_WARN__DUPLICATE_METHOD_MATCH = YES;
				COPY_PHASE_STRIP = NO;
				DEBUG_INFORMATION_FORMAT = dwarf;
				ENABLE_STRICT_OBJC_MSGSEND = YES;
				ENABLE_TESTABILITY = YES;
				ENABLE_USER_SCRIPT_SANDBOXING = YES;
				GCC_C_LANGUAGE_STANDARD = gnu17;
				GCC_DYNAMIC_NO_PIC = NO;
				GCC_NO_COMMON_BLOCKS = YES;
				GCC_OPTIMIZATION_LEVEL = 0;
				GCC_PREPROCESSOR_DEFINITIONS = (
					"DEBUG=1",
					"$(inherited)",
				);
				GCC_WARN_64_TO_32_BIT_CONVERSION = YES;
				GCC_WARN_ABOUT_RETURN_TYPE = YES_ERROR;
				GCC_WARN_UNDECLARED_SELECTOR = YES;
				GCC_WARN_UNINITIALIZED_AUTOS = YES_AGGRESSIVE;
				GCC_WARN_UNUSED_FUNCTION = YES;
				GCC_WARN_UNUSED_VARIABLE = YES;
				LOCALIZATION_PREFERS_STRING_CATALOGS = YES;
				MTL_ENABLE_DEBUG_INFO = INCLUDE_SOURCE;
				MTL_FAST_MATH = YES;
				ONLY_ACTIVE_ARCH = YES;
				SWIFT_ACTIVE_COMPILATION_CONDITIONS = "DEBUG $(inherited)";
				SWIFT_OPTIMIZATION_LEVEL = "-Onone";
			};
			name = Debug;
		};
		E733E18E2D33273C00196DB3 /* Release */ = {
			isa = XCBuildConfiguration;
			buildSettings = {
				ALWAYS_SEARCH_USER_PATHS = NO;
				ASSETCATALOG_COMPILER_GENERATE_SWIFT_ASSET_SYMBOL_EXTENSIONS = YES;
				CLANG_ANALYZER_NONNULL = YES;
				CLANG_ANALYZER_NUMBER_OBJECT_CONVERSION = YES_AGGRESSIVE;
				CLANG_CXX_LANGUAGE_STANDARD = "gnu++20";
				CLANG_ENABLE_MODULES = YES;
				CLANG_ENABLE_OBJC_ARC = YES;
				CLANG_ENABLE_OBJC_WEAK = YES;
				CLANG_WARN_BLOCK_CAPTURE_AUTORELEASING = YES;
				CLANG_WARN_BOOL_CONVERSION = YES;
				CLANG_WARN_COMMA = YES;
				CLANG_WARN_CONSTANT_CONVERSION = YES;
				CLANG_WARN_DEPRECATED_OBJC_IMPLEMENTATIONS = YES;
				CLANG_WARN_DIRECT_OBJC_ISA_USAGE = YES_ERROR;
				CLANG_WARN_DOCUMENTATION_COMMENTS = YES;
				CLANG_WARN_EMPTY_BODY = YES;
				CLANG_WARN_ENUM_CONVERSION = YES;
				CLANG_WARN_INFINITE_RECURSION = YES;
				CLANG_WARN_INT_CONVERSION = YES;
				CLANG_WARN_NON_LITERAL_NULL_CONVERSION = YES;
				CLANG_WARN_OBJC_IMPLICIT_RETAIN_SELF = YES;
				CLANG_WARN_OBJC_LITERAL_CONVERSION = YES;
				CLANG_WARN_OBJC_ROOT_CLASS = YES_ERROR;
				CLANG_WARN_QUOTED_INCLUDE_IN_FRAMEWORK_HEADER = YES;
				CLANG_WARN_RANGE_LOOP_ANALYSIS = YES;
				CLANG_WARN_STRICT_PROTOTYPES = YES;
				CLANG_WARN_SUSPICIOUS_MOVE = YES;
				CLANG_WARN_UNGUARDED_AVAILABILITY = YES_AGGRESSIVE;
				CLANG_WARN_UNREACHABLE_CODE = YES;
				CLANG_WARN__DUPLICATE_METHOD_MATCH = YES;
				COPY_PHASE_STRIP = NO;
				DEBUG_INFORMATION_FORMAT = "dwarf-with-dsym";
				ENABLE_NS_ASSERTIONS = NO;
				ENABLE_STRICT_OBJC_MSGSEND = YES;
				ENABLE_USER_SCRIPT_SANDBOXING = YES;
				GCC_C_LANGUAGE_STANDARD = gnu17;
				GCC_NO_COMMON_BLOCKS = YES;
				GCC_WARN_64_TO_32_BIT_CONVERSION = YES;
				GCC_WARN_ABOUT_RETURN_TYPE = YES_ERROR;
				GCC_WARN_UNDECLARED_SELECTOR = YES;
				GCC_WARN_UNINITIALIZED_AUTOS = YES_AGGRESSIVE;
				GCC_WARN_UNUSED_FUNCTION = YES;
				GCC_WARN_UNUSED_VARIABLE = YES;
				LOCALIZATION_PREFERS_STRING_CATALOGS = YES;
				MTL_ENABLE_DEBUG_INFO = NO;
				MTL_FAST_MATH = YES;
				SWIFT_COMPILATION_MODE = wholemodule;
			};
			name = Release;
		};
		E733E1902D33273C00196DB3 /* Debug */ = {
			isa = XCBuildConfiguration;
			buildSettings = {
				ASSETCATALOG_COMPILER_APPICON_NAME = AppIcon;
				ASSETCATALOG_COMPILER_GLOBAL_ACCENT_COLOR_NAME = AccentColor;
				CODE_SIGN_ENTITLEMENTS = WatchWorkoutSync/WatchWorkoutSync.entitlements;
				CODE_SIGN_STYLE = Automatic;
				CURRENT_PROJECT_VERSION = 1;
				DEVELOPMENT_ASSET_PATHS = "\"WatchWorkoutSync/Preview Content\"";
				DEVELOPMENT_TEAM = S8YCCCY27D;
				ENABLE_HARDENED_RUNTIME = YES;
				ENABLE_PREVIEWS = YES;
				GENERATE_INFOPLIST_FILE = YES;
				INFOPLIST_FILE = WatchWorkoutSync/Info.plist;
				INFOPLIST_KEY_NSHealthShareUsageDescription = "\"Needed to sync with the watch\"";
				INFOPLIST_KEY_NSHealthUpdateUsageDescription = "\"Needed to sync with the watch\"";
				"INFOPLIST_KEY_UIApplicationSceneManifest_Generation[sdk=iphoneos*]" = YES;
				"INFOPLIST_KEY_UIApplicationSceneManifest_Generation[sdk=iphonesimulator*]" = YES;
				"INFOPLIST_KEY_UIApplicationSupportsIndirectInputEvents[sdk=iphoneos*]" = YES;
				"INFOPLIST_KEY_UIApplicationSupportsIndirectInputEvents[sdk=iphonesimulator*]" = YES;
				"INFOPLIST_KEY_UILaunchScreen_Generation[sdk=iphoneos*]" = YES;
				"INFOPLIST_KEY_UILaunchScreen_Generation[sdk=iphonesimulator*]" = YES;
				"INFOPLIST_KEY_UIStatusBarStyle[sdk=iphoneos*]" = UIStatusBarStyleDefault;
				"INFOPLIST_KEY_UIStatusBarStyle[sdk=iphonesimulator*]" = UIStatusBarStyleDefault;
				INFOPLIST_KEY_UISupportedInterfaceOrientations_iPad = "UIInterfaceOrientationPortrait UIInterfaceOrientationPortraitUpsideDown UIInterfaceOrientationLandscapeLeft UIInterfaceOrientationLandscapeRight";
				INFOPLIST_KEY_UISupportedInterfaceOrientations_iPhone = "UIInterfaceOrientationPortrait UIInterfaceOrientationLandscapeLeft UIInterfaceOrientationLandscapeRight";
				INFOPLIST_KEY_WKCompanionAppBundleIdentifier = com.kumolabs.WatchWorkoutSync;
				IPHONEOS_DEPLOYMENT_TARGET = 18.0;
				LD_RUNPATH_SEARCH_PATHS = "@executable_path/Frameworks";
				"LD_RUNPATH_SEARCH_PATHS[sdk=macosx*]" = "@executable_path/../Frameworks";
				MACOSX_DEPLOYMENT_TARGET = 15.0;
				MARKETING_VERSION = 1.0;
				PRODUCT_BUNDLE_IDENTIFIER = com.kumo.WatchWorkoutSync;
				PRODUCT_NAME = "$(TARGET_NAME)";
				SDKROOT = auto;
				SUPPORTED_PLATFORMS = "iphoneos iphonesimulator macosx xros xrsimulator";
				SWIFT_EMIT_LOC_STRINGS = YES;
				SWIFT_VERSION = 5.0;
				TARGETED_DEVICE_FAMILY = "1,2,7";
				XROS_DEPLOYMENT_TARGET = 2.0;
			};
			name = Debug;
		};
		E733E1912D33273C00196DB3 /* Release */ = {
			isa = XCBuildConfiguration;
			buildSettings = {
				ASSETCATALOG_COMPILER_APPICON_NAME = AppIcon;
				ASSETCATALOG_COMPILER_GLOBAL_ACCENT_COLOR_NAME = AccentColor;
				CODE_SIGN_ENTITLEMENTS = WatchWorkoutSync/WatchWorkoutSync.entitlements;
				CODE_SIGN_STYLE = Automatic;
				CURRENT_PROJECT_VERSION = 1;
				DEVELOPMENT_ASSET_PATHS = "\"WatchWorkoutSync/Preview Content\"";
				DEVELOPMENT_TEAM = S8YCCCY27D;
				ENABLE_HARDENED_RUNTIME = YES;
				ENABLE_PREVIEWS = YES;
				GENERATE_INFOPLIST_FILE = YES;
				INFOPLIST_FILE = WatchWorkoutSync/Info.plist;
				INFOPLIST_KEY_NSHealthShareUsageDescription = "\"Needed to sync with the watch\"";
				INFOPLIST_KEY_NSHealthUpdateUsageDescription = "\"Needed to sync with the watch\"";
				"INFOPLIST_KEY_UIApplicationSceneManifest_Generation[sdk=iphoneos*]" = YES;
				"INFOPLIST_KEY_UIApplicationSceneManifest_Generation[sdk=iphonesimulator*]" = YES;
				"INFOPLIST_KEY_UIApplicationSupportsIndirectInputEvents[sdk=iphoneos*]" = YES;
				"INFOPLIST_KEY_UIApplicationSupportsIndirectInputEvents[sdk=iphonesimulator*]" = YES;
				"INFOPLIST_KEY_UILaunchScreen_Generation[sdk=iphoneos*]" = YES;
				"INFOPLIST_KEY_UILaunchScreen_Generation[sdk=iphonesimulator*]" = YES;
				"INFOPLIST_KEY_UIStatusBarStyle[sdk=iphoneos*]" = UIStatusBarStyleDefault;
				"INFOPLIST_KEY_UIStatusBarStyle[sdk=iphonesimulator*]" = UIStatusBarStyleDefault;
				INFOPLIST_KEY_UISupportedInterfaceOrientations_iPad = "UIInterfaceOrientationPortrait UIInterfaceOrientationPortraitUpsideDown UIInterfaceOrientationLandscapeLeft UIInterfaceOrientationLandscapeRight";
				INFOPLIST_KEY_UISupportedInterfaceOrientations_iPhone = "UIInterfaceOrientationPortrait UIInterfaceOrientationLandscapeLeft UIInterfaceOrientationLandscapeRight";
				INFOPLIST_KEY_WKCompanionAppBundleIdentifier = com.kumolabs.WatchWorkoutSync;
				IPHONEOS_DEPLOYMENT_TARGET = 18.0;
				LD_RUNPATH_SEARCH_PATHS = "@executable_path/Frameworks";
				"LD_RUNPATH_SEARCH_PATHS[sdk=macosx*]" = "@executable_path/../Frameworks";
				MACOSX_DEPLOYMENT_TARGET = 15.0;
				MARKETING_VERSION = 1.0;
				PRODUCT_BUNDLE_IDENTIFIER = com.kumo.WatchWorkoutSync;
				PRODUCT_NAME = "$(TARGET_NAME)";
				SDKROOT = auto;
				SUPPORTED_PLATFORMS = "iphoneos iphonesimulator macosx xros xrsimulator";
				SWIFT_EMIT_LOC_STRINGS = YES;
				SWIFT_VERSION = 5.0;
				TARGETED_DEVICE_FAMILY = "1,2,7";
				XROS_DEPLOYMENT_TARGET = 2.0;
			};
			name = Release;
		};
		E733E1932D33273C00196DB3 /* Debug */ = {
			isa = XCBuildConfiguration;
			buildSettings = {
				BUNDLE_LOADER = "$(TEST_HOST)";
				CODE_SIGN_STYLE = Automatic;
				CURRENT_PROJECT_VERSION = 1;
				DEVELOPMENT_TEAM = S8YCCCY27D;
				GENERATE_INFOPLIST_FILE = YES;
				IPHONEOS_DEPLOYMENT_TARGET = 18.0;
				MACOSX_DEPLOYMENT_TARGET = 15.0;
				MARKETING_VERSION = 1.0;
				PRODUCT_BUNDLE_IDENTIFIER = com.kumo.WatchWorkoutSyncTests;
				PRODUCT_NAME = "$(TARGET_NAME)";
				SDKROOT = auto;
				SUPPORTED_PLATFORMS = "iphoneos iphonesimulator macosx xros xrsimulator";
				SWIFT_EMIT_LOC_STRINGS = NO;
				SWIFT_VERSION = 5.0;
				TARGETED_DEVICE_FAMILY = "1,2,7";
				TEST_HOST = "$(BUILT_PRODUCTS_DIR)/WatchWorkoutSync.app/$(BUNDLE_EXECUTABLE_FOLDER_PATH)/WatchWorkoutSync";
				XROS_DEPLOYMENT_TARGET = 2.0;
			};
			name = Debug;
		};
		E733E1942D33273C00196DB3 /* Release */ = {
			isa = XCBuildConfiguration;
			buildSettings = {
				BUNDLE_LOADER = "$(TEST_HOST)";
				CODE_SIGN_STYLE = Automatic;
				CURRENT_PROJECT_VERSION = 1;
				DEVELOPMENT_TEAM = S8YCCCY27D;
				GENERATE_INFOPLIST_FILE = YES;
				IPHONEOS_DEPLOYMENT_TARGET = 18.0;
				MACOSX_DEPLOYMENT_TARGET = 15.0;
				MARKETING_VERSION = 1.0;
				PRODUCT_BUNDLE_IDENTIFIER = com.kumo.WatchWorkoutSyncTests;
				PRODUCT_NAME = "$(TARGET_NAME)";
				SDKROOT = auto;
				SUPPORTED_PLATFORMS = "iphoneos iphonesimulator macosx xros xrsimulator";
				SWIFT_EMIT_LOC_STRINGS = NO;
				SWIFT_VERSION = 5.0;
				TARGETED_DEVICE_FAMILY = "1,2,7";
				TEST_HOST = "$(BUILT_PRODUCTS_DIR)/WatchWorkoutSync.app/$(BUNDLE_EXECUTABLE_FOLDER_PATH)/WatchWorkoutSync";
				XROS_DEPLOYMENT_TARGET = 2.0;
			};
			name = Release;
		};
		E733E1962D33273C00196DB3 /* Debug */ = {
			isa = XCBuildConfiguration;
			buildSettings = {
				CODE_SIGN_STYLE = Automatic;
				CURRENT_PROJECT_VERSION = 1;
				DEVELOPMENT_TEAM = S8YCCCY27D;
				GENERATE_INFOPLIST_FILE = YES;
				IPHONEOS_DEPLOYMENT_TARGET = 18.0;
				MACOSX_DEPLOYMENT_TARGET = 15.0;
				MARKETING_VERSION = 1.0;
				PRODUCT_BUNDLE_IDENTIFIER = com.kumo.WatchWorkoutSyncUITests;
				PRODUCT_NAME = "$(TARGET_NAME)";
				SDKROOT = auto;
				SUPPORTED_PLATFORMS = "iphoneos iphonesimulator macosx xros xrsimulator";
				SWIFT_EMIT_LOC_STRINGS = NO;
				SWIFT_VERSION = 5.0;
				TARGETED_DEVICE_FAMILY = "1,2,7";
				TEST_TARGET_NAME = WatchWorkoutSync;
				XROS_DEPLOYMENT_TARGET = 2.0;
			};
			name = Debug;
		};
		E733E1972D33273C00196DB3 /* Release */ = {
			isa = XCBuildConfiguration;
			buildSettings = {
				CODE_SIGN_STYLE = Automatic;
				CURRENT_PROJECT_VERSION = 1;
				DEVELOPMENT_TEAM = S8YCCCY27D;
				GENERATE_INFOPLIST_FILE = YES;
				IPHONEOS_DEPLOYMENT_TARGET = 18.0;
				MACOSX_DEPLOYMENT_TARGET = 15.0;
				MARKETING_VERSION = 1.0;
				PRODUCT_BUNDLE_IDENTIFIER = com.kumo.WatchWorkoutSyncUITests;
				PRODUCT_NAME = "$(TARGET_NAME)";
				SDKROOT = auto;
				SUPPORTED_PLATFORMS = "iphoneos iphonesimulator macosx xros xrsimulator";
				SWIFT_EMIT_LOC_STRINGS = NO;
				SWIFT_VERSION = 5.0;
				TARGETED_DEVICE_FAMILY = "1,2,7";
				TEST_TARGET_NAME = WatchWorkoutSync;
				XROS_DEPLOYMENT_TARGET = 2.0;
			};
			name = Release;
		};
		E733E2292D335F7600196DB3 /* Debug */ = {
			isa = XCBuildConfiguration;
			buildSettings = {
				ASSETCATALOG_COMPILER_APPICON_NAME = AppIcon;
				ASSETCATALOG_COMPILER_GLOBAL_ACCENT_COLOR_NAME = AccentColor;
				CODE_SIGN_STYLE = Automatic;
				CURRENT_PROJECT_VERSION = 1;
				DEVELOPMENT_ASSET_PATHS = "\"WatchWorkoutSyncWatch Watch App/Preview Content\"";
				DEVELOPMENT_TEAM = S8YCCCY27D;
				ENABLE_PREVIEWS = YES;
				GENERATE_INFOPLIST_FILE = YES;
				INFOPLIST_FILE = "WatchWorkoutSyncWatch-Watch-App-Info.plist";
				INFOPLIST_KEY_CFBundleDisplayName = WatchWorkoutSyncWatch;
				INFOPLIST_KEY_LSApplicationCategoryType = "";
				INFOPLIST_KEY_NSHealthShareUsageDescription = "We need access to save custom workouts";
				INFOPLIST_KEY_NSHealthUpdateUsageDescription = "We need access to save custom workouts";
				INFOPLIST_KEY_UISupportedInterfaceOrientations = "UIInterfaceOrientationPortrait UIInterfaceOrientationPortraitUpsideDown";
				INFOPLIST_KEY_WKCompanionAppBundleIdentifier = com.kumo.WatchWorkoutSync;
				LD_RUNPATH_SEARCH_PATHS = (
					"$(inherited)",
					"@executable_path/Frameworks",
				);
				MARKETING_VERSION = 1.0;
				PRODUCT_BUNDLE_IDENTIFIER = com.kumo.WatchWorkoutSync.watchkitapp;
				PRODUCT_NAME = "$(TARGET_NAME)";
				SDKROOT = watchos;
				SKIP_INSTALL = YES;
				SWIFT_EMIT_LOC_STRINGS = YES;
				SWIFT_VERSION = 5.0;
				TARGETED_DEVICE_FAMILY = 4;
				WATCHOS_DEPLOYMENT_TARGET = 11.0;
			};
			name = Debug;
		};
		E733E22A2D335F7600196DB3 /* Release */ = {
			isa = XCBuildConfiguration;
			buildSettings = {
				ASSETCATALOG_COMPILER_APPICON_NAME = AppIcon;
				ASSETCATALOG_COMPILER_GLOBAL_ACCENT_COLOR_NAME = AccentColor;
				CODE_SIGN_STYLE = Automatic;
				CURRENT_PROJECT_VERSION = 1;
				DEVELOPMENT_ASSET_PATHS = "\"WatchWorkoutSyncWatch Watch App/Preview Content\"";
				DEVELOPMENT_TEAM = S8YCCCY27D;
				ENABLE_PREVIEWS = YES;
				GENERATE_INFOPLIST_FILE = YES;
				INFOPLIST_FILE = "WatchWorkoutSyncWatch-Watch-App-Info.plist";
				INFOPLIST_KEY_CFBundleDisplayName = WatchWorkoutSyncWatch;
				INFOPLIST_KEY_LSApplicationCategoryType = "";
				INFOPLIST_KEY_NSHealthShareUsageDescription = "We need access to save custom workouts";
				INFOPLIST_KEY_NSHealthUpdateUsageDescription = "We need access to save custom workouts";
				INFOPLIST_KEY_UISupportedInterfaceOrientations = "UIInterfaceOrientationPortrait UIInterfaceOrientationPortraitUpsideDown";
				INFOPLIST_KEY_WKCompanionAppBundleIdentifier = com.kumo.WatchWorkoutSync;
				LD_RUNPATH_SEARCH_PATHS = (
					"$(inherited)",
					"@executable_path/Frameworks",
				);
				MARKETING_VERSION = 1.0;
				PRODUCT_BUNDLE_IDENTIFIER = com.kumo.WatchWorkoutSync.watchkitapp;
				PRODUCT_NAME = "$(TARGET_NAME)";
				SDKROOT = watchos;
				SKIP_INSTALL = YES;
				SWIFT_EMIT_LOC_STRINGS = YES;
				SWIFT_VERSION = 5.0;
				TARGETED_DEVICE_FAMILY = 4;
				VALIDATE_PRODUCT = YES;
				WATCHOS_DEPLOYMENT_TARGET = 11.0;
			};
			name = Release;
		};
		E733E22D2D335F7700196DB3 /* Debug */ = {
			isa = XCBuildConfiguration;
			buildSettings = {
				BUNDLE_LOADER = "$(TEST_HOST)";
				CODE_SIGN_STYLE = Automatic;
				CURRENT_PROJECT_VERSION = 1;
				DEVELOPMENT_TEAM = S8YCCCY27D;
				GENERATE_INFOPLIST_FILE = YES;
				MARKETING_VERSION = 1.0;
				PRODUCT_BUNDLE_IDENTIFIER = "com.kumo.WatchWorkoutSyncWatch-Watch-AppTests";
				PRODUCT_NAME = "$(TARGET_NAME)";
				SDKROOT = watchos;
				SWIFT_EMIT_LOC_STRINGS = NO;
				SWIFT_VERSION = 5.0;
				TARGETED_DEVICE_FAMILY = 4;
				TEST_HOST = "$(BUILT_PRODUCTS_DIR)/WatchWorkoutSyncWatch Watch App.app/$(BUNDLE_EXECUTABLE_FOLDER_PATH)/WatchWorkoutSyncWatch Watch App";
				WATCHOS_DEPLOYMENT_TARGET = 11.0;
			};
			name = Debug;
		};
		E733E22E2D335F7700196DB3 /* Release */ = {
			isa = XCBuildConfiguration;
			buildSettings = {
				BUNDLE_LOADER = "$(TEST_HOST)";
				CODE_SIGN_STYLE = Automatic;
				CURRENT_PROJECT_VERSION = 1;
				DEVELOPMENT_TEAM = S8YCCCY27D;
				GENERATE_INFOPLIST_FILE = YES;
				MARKETING_VERSION = 1.0;
				PRODUCT_BUNDLE_IDENTIFIER = "com.kumo.WatchWorkoutSyncWatch-Watch-AppTests";
				PRODUCT_NAME = "$(TARGET_NAME)";
				SDKROOT = watchos;
				SWIFT_EMIT_LOC_STRINGS = NO;
				SWIFT_VERSION = 5.0;
				TARGETED_DEVICE_FAMILY = 4;
				TEST_HOST = "$(BUILT_PRODUCTS_DIR)/WatchWorkoutSyncWatch Watch App.app/$(BUNDLE_EXECUTABLE_FOLDER_PATH)/WatchWorkoutSyncWatch Watch App";
				VALIDATE_PRODUCT = YES;
				WATCHOS_DEPLOYMENT_TARGET = 11.0;
			};
			name = Release;
		};
		E733E2302D335F7700196DB3 /* Debug */ = {
			isa = XCBuildConfiguration;
			buildSettings = {
				CODE_SIGN_STYLE = Automatic;
				CURRENT_PROJECT_VERSION = 1;
				DEVELOPMENT_TEAM = S8YCCCY27D;
				GENERATE_INFOPLIST_FILE = YES;
				INFOPLIST_FILE = "WatchWorkoutSyncWatch-Watch-AppUITests-Info.plist";
				INFOPLIST_KEY_CFBundleDisplayName = "Watch Workout Sync";
				INFOPLIST_KEY_LSApplicationCategoryType = "";
				INFOPLIST_KEY_NSHealthUpdateUsageDescription = "Needed for the syncing to the watch.";
				MARKETING_VERSION = 1.0;
				PRODUCT_BUNDLE_IDENTIFIER = "com.kumo.WatchWorkoutSyncWatch-Watch-AppUITests";
				PRODUCT_NAME = "$(TARGET_NAME)";
				SDKROOT = watchos;
				SWIFT_EMIT_LOC_STRINGS = NO;
				SWIFT_VERSION = 5.0;
				TARGETED_DEVICE_FAMILY = 4;
				TEST_TARGET_NAME = "WatchWorkoutSyncWatch Watch App";
				WATCHOS_DEPLOYMENT_TARGET = 11.0;
			};
			name = Debug;
		};
		E733E2312D335F7700196DB3 /* Release */ = {
			isa = XCBuildConfiguration;
			buildSettings = {
				CODE_SIGN_STYLE = Automatic;
				CURRENT_PROJECT_VERSION = 1;
				DEVELOPMENT_TEAM = S8YCCCY27D;
				GENERATE_INFOPLIST_FILE = YES;
				INFOPLIST_FILE = "WatchWorkoutSyncWatch-Watch-AppUITests-Info.plist";
				INFOPLIST_KEY_CFBundleDisplayName = "Watch Workout Sync";
				INFOPLIST_KEY_LSApplicationCategoryType = "";
				INFOPLIST_KEY_NSHealthUpdateUsageDescription = "Needed for the syncing to the watch.";
				MARKETING_VERSION = 1.0;
				PRODUCT_BUNDLE_IDENTIFIER = "com.kumo.WatchWorkoutSyncWatch-Watch-AppUITests";
				PRODUCT_NAME = "$(TARGET_NAME)";
				SDKROOT = watchos;
				SWIFT_EMIT_LOC_STRINGS = NO;
				SWIFT_VERSION = 5.0;
				TARGETED_DEVICE_FAMILY = 4;
				TEST_TARGET_NAME = "WatchWorkoutSyncWatch Watch App";
				VALIDATE_PRODUCT = YES;
				WATCHOS_DEPLOYMENT_TARGET = 11.0;
			};
			name = Release;
		};
/* End XCBuildConfiguration section */

/* Begin XCConfigurationList section */
		E733E1652D33273B00196DB3 /* Build configuration list for PBXProject "WatchWorkoutSync" */ = {
			isa = XCConfigurationList;
			buildConfigurations = (
				E733E18D2D33273C00196DB3 /* Debug */,
				E733E18E2D33273C00196DB3 /* Release */,
			);
			defaultConfigurationIsVisible = 0;
			defaultConfigurationName = Release;
		};
		E733E18F2D33273C00196DB3 /* Build configuration list for PBXNativeTarget "WatchWorkoutSync" */ = {
			isa = XCConfigurationList;
			buildConfigurations = (
				E733E1902D33273C00196DB3 /* Debug */,
				E733E1912D33273C00196DB3 /* Release */,
			);
			defaultConfigurationIsVisible = 0;
			defaultConfigurationName = Release;
		};
		E733E1922D33273C00196DB3 /* Build configuration list for PBXNativeTarget "WatchWorkoutSyncTests" */ = {
			isa = XCConfigurationList;
			buildConfigurations = (
				E733E1932D33273C00196DB3 /* Debug */,
				E733E1942D33273C00196DB3 /* Release */,
			);
			defaultConfigurationIsVisible = 0;
			defaultConfigurationName = Release;
		};
		E733E1952D33273C00196DB3 /* Build configuration list for PBXNativeTarget "WatchWorkoutSyncUITests" */ = {
			isa = XCConfigurationList;
			buildConfigurations = (
				E733E1962D33273C00196DB3 /* Debug */,
				E733E1972D33273C00196DB3 /* Release */,
			);
			defaultConfigurationIsVisible = 0;
			defaultConfigurationName = Release;
		};
		E733E2282D335F7600196DB3 /* Build configuration list for PBXNativeTarget "WatchWorkoutSyncWatch Watch App" */ = {
			isa = XCConfigurationList;
			buildConfigurations = (
				E733E2292D335F7600196DB3 /* Debug */,
				E733E22A2D335F7600196DB3 /* Release */,
			);
			defaultConfigurationIsVisible = 0;
			defaultConfigurationName = Release;
		};
		E733E22C2D335F7700196DB3 /* Build configuration list for PBXNativeTarget "WatchWorkoutSyncWatch Watch AppTests" */ = {
			isa = XCConfigurationList;
			buildConfigurations = (
				E733E22D2D335F7700196DB3 /* Debug */,
				E733E22E2D335F7700196DB3 /* Release */,
			);
			defaultConfigurationIsVisible = 0;
			defaultConfigurationName = Release;
		};
		E733E22F2D335F7700196DB3 /* Build configuration list for PBXNativeTarget "WatchWorkoutSyncWatch Watch AppUITests" */ = {
			isa = XCConfigurationList;
			buildConfigurations = (
				E733E2302D335F7700196DB3 /* Debug */,
				E733E2312D335F7700196DB3 /* Release */,
			);
			defaultConfigurationIsVisible = 0;
			defaultConfigurationName = Release;
		};
/* End XCConfigurationList section */
	};
	rootObject = E733E1622D33273B00196DB3 /* Project object */;
}
